PODS:
  - Flutter (1.0.0)
  - flutter_local_notifications (0.0.1):
    - Flutter
  - isar_flutter_libs (1.0.0):
    - Flutter
  - permission_handler_apple (9.4.8):
    - Flutter
  - shared_preferences_foundation (0.0.1):
    - Flutter
    - FlutterMacOS

DEPENDENCIES:
  - Flutter (from `Flutter`)
  - flutter_local_notifications (from `.symlinks/plugins/flutter_local_notifications/ios`)
  - isar_flutter_libs (from `.symlinks/plugins/isar_flutter_libs/ios`)
  - permission_handler_apple (from `.symlinks/plugins/permission_handler_apple/ios`)
  - shared_preferences_foundation (from `.symlinks/plugins/shared_preferences_foundation/darwin`)

EXTERNAL SOURCES:
  Flutter:
    :path: Flutter
  flutter_local_notifications:
    :path: ".symlinks/plugins/flutter_local_notifications/ios"
  isar_flutter_libs:
    :path: ".symlinks/plugins/isar_flutter_libs/ios"
  permission_handler_apple:
    :path: ".symlinks/plugins/permission_handler_apple/ios"
  shared_preferences_foundation:
    :path: ".symlinks/plugins/shared_preferences_foundation/darwin"

SPEC CHECKSUMS:
  Flutter: cabc95a1d2626b1b06e7179b784ebcf0c0cde467
  flutter_local_notifications: 643a3eda1ce1c0599413ca31672536d423dee214
  isar_flutter_libs: 9fc2cfb928c539e1b76c481ba5d143d556d94920
  permission_handler_apple: 92d754bbaa7361d436db2d6c3c1c2a0fdcec462e
  shared_preferences_foundation: 7036424c3d8ec98dfe75ff1667cb0cd531ec82bb

PODFILE CHECKSUM: 3c63482e143d1b91d2d2560aee9fb04ecc74ac7e

COCOAPODS: 1.16.2
